
Microsoft Visual Studio Solution File, Format Version 12.00
# Visual Studio Version 16
VisualStudioVersion = 16.0.34031.81
MinimumVisualStudioVersion = 10.0.40219.1
Project("{FAE04EC0-301F-11D3-BF4B-00C04F79EFBC}") = "Website", "Website\Website.csproj", "{4DD633DC-C574-4BEA-B3A2-A13326C146ED}"
EndProject
Global
	GlobalSection(SolutionConfigurationPlatforms) = preSolution
		Debug|Any CPU = Debug|Any CPU
		Release|Any CPU = Release|Any CPU
	EndGlobalSection
	GlobalSection(ProjectConfigurationPlatforms) = postSolution
		{4DD633DC-C574-4BEA-B3A2-A13326C146ED}.Debug|Any CPU.ActiveCfg = Debug|Any CPU
		{4DD633DC-C574-4BEA-B3A2-A13326C146ED}.Debug|Any CPU.Build.0 = Debug|Any CPU
		{4DD633DC-C574-4BEA-B3A2-A13326C146ED}.Release|Any CPU.ActiveCfg = Release|Any CPU
		{4DD633DC-C574-4BEA-B3A2-A13326C146ED}.Release|Any CPU.Build.0 = Release|Any CPU
	EndGlobalSection
	GlobalSection(SolutionProperties) = preSolution
		HideSolutionNode = FALSE
	EndGlobalSection
	GlobalSection(ExtensibilityGlobals) = postSolution
		SolutionGuid = {B0E51A83-71A2-4411-B5A5-59897EEFA480}
	EndGlobalSection
EndGlobal
